
Microsoft Visual Studio Solution File, Format Version 11.00
# Visual Studio 2010
Project("{FAE04EC0-301F-11D3-BF4B-00C04F79EFBC}") = "IQueryable", "IQueryable\IQueryable.csproj", "{9BE6C22B-4F20-4929-877B-F81F61B91395}"
EndProject
Project("{FAE04EC0-301F-11D3-BF4B-00C04F79EFBC}") = "IQueryableTests.Tests", "IQueryable.Tests\IQueryableTests.Tests.csproj", "{DDA30E30-BBA5-4A70-A48C-B779EA808711}"
EndProject
Project("{2150E333-8FDC-42A3-9474-1A3956D46DE8}") = "Solution Items", "Solution Items", "{6E0AC289-7B39-452C-B329-4640E75111D6}"
EndProject
Global
	GlobalSection(SolutionConfigurationPlatforms) = preSolution
		Debug|Any CPU = Debug|Any CPU
		Release|Any CPU = Release|Any CPU
	EndGlobalSection
	GlobalSection(ProjectConfigurationPlatforms) = postSolution
		{9BE6C22B-4F20-4929-877B-F81F61B91395}.Debug|Any CPU.ActiveCfg = Debug|Any CPU
		{9BE6C22B-4F20-4929-877B-F81F61B91395}.Debug|Any CPU.Build.0 = Debug|Any CPU
		{9BE6C22B-4F20-4929-877B-F81F61B91395}.Release|Any CPU.ActiveCfg = Release|Any CPU
		{9BE6C22B-4F20-4929-877B-F81F61B91395}.Release|Any CPU.Build.0 = Release|Any CPU
		{DDA30E30-BBA5-4A70-A48C-B779EA808711}.Debug|Any CPU.ActiveCfg = Debug|Any CPU
		{DDA30E30-BBA5-4A70-A48C-B779EA808711}.Debug|Any CPU.Build.0 = Debug|Any CPU
		{DDA30E30-BBA5-4A70-A48C-B779EA808711}.Release|Any CPU.ActiveCfg = Release|Any CPU
		{DDA30E30-BBA5-4A70-A48C-B779EA808711}.Release|Any CPU.Build.0 = Release|Any CPU
	EndGlobalSection
	GlobalSection(SolutionProperties) = preSolution
		HideSolutionNode = FALSE
	EndGlobalSection
EndGlobal
